
Microsoft Visual Studio Solution File, Format Version 12.00
# Visual Studio Version 16
VisualStudioVersion = 16.0.31911.196
MinimumVisualStudioVersion = 10.0.40219.1
Project("{FAE04EC0-301F-11D3-BF4B-00C04F79EFBC}") = "Kantor_WebAPI2", "Kantor_WebAPI2\Kantor_WebAPI2.csproj", "{864D3532-BD81-4B1A-8F2C-A5E9B0A932BE}"
EndProject
Global
	GlobalSection(SolutionConfigurationPlatforms) = preSolution
		Debug|Any CPU = Debug|Any CPU
		Release|Any CPU = Release|Any CPU
	EndGlobalSection
	GlobalSection(ProjectConfigurationPlatforms) = postSolution
		{864D3532-BD81-4B1A-8F2C-A5E9B0A932BE}.Debug|Any CPU.ActiveCfg = Debug|Any CPU
		{864D3532-BD81-4B1A-8F2C-A5E9B0A932BE}.Debug|Any CPU.Build.0 = Debug|Any CPU
		{864D3532-BD81-4B1A-8F2C-A5E9B0A932BE}.Release|Any CPU.ActiveCfg = Release|Any CPU
		{864D3532-BD81-4B1A-8F2C-A5E9B0A932BE}.Release|Any CPU.Build.0 = Release|Any CPU
	EndGlobalSection
	GlobalSection(SolutionProperties) = preSolution
		HideSolutionNode = FALSE
	EndGlobalSection
	GlobalSection(ExtensibilityGlobals) = postSolution
		SolutionGuid = {E10B555F-BBBF-4376-84F4-69C7F22DB10C}
	EndGlobalSection
EndGlobal
